
Microsoft Visual Studio Solution File, Format Version 12.00
# Visual Studio 2013
VisualStudioVersion = 12.0.21005.1
MinimumVisualStudioVersion = 10.0.40219.1
Project("{FAE04EC0-301F-11D3-BF4B-00C04F79EFBC}") = "ProjectVaka", "ProjectVaka\ProjectVaka.csproj", "{0FCC4463-A87F-4B36-AFED-A7D6B146DCE4}"
EndProject
Global
	GlobalSection(TeamFoundationVersionControl) = preSolution
		SccNumberOfProjects = 2
		SccEnterpriseProvider = {4CA58AB2-18FA-4F8D-95D4-32DDF27D184C}
		SccTeamFoundationServer = https://canotur.visualstudio.com/
		SccLocalPath0 = .
		SccProjectUniqueName1 = ProjectVaka\\ProjectVaka.csproj
		SccProjectName1 = ProjectVaka
		SccLocalPath1 = ProjectVaka
	EndGlobalSection
	GlobalSection(SolutionConfigurationPlatforms) = preSolution
		Debug|Any CPU = Debug|Any CPU
		Release|Any CPU = Release|Any CPU
	EndGlobalSection
	GlobalSection(ProjectConfigurationPlatforms) = postSolution
		{0FCC4463-A87F-4B36-AFED-A7D6B146DCE4}.Debug|Any CPU.ActiveCfg = Debug|Any CPU
		{0FCC4463-A87F-4B36-AFED-A7D6B146DCE4}.Debug|Any CPU.Build.0 = Debug|Any CPU
		{0FCC4463-A87F-4B36-AFED-A7D6B146DCE4}.Release|Any CPU.ActiveCfg = Release|Any CPU
		{0FCC4463-A87F-4B36-AFED-A7D6B146DCE4}.Release|Any CPU.Build.0 = Release|Any CPU
	EndGlobalSection
	GlobalSection(SolutionProperties) = preSolution
		HideSolutionNode = FALSE
	EndGlobalSection
EndGlobal
